
Microsoft Visual Studio Solution File, Format Version 12.00
# Visual Studio Version 16
VisualStudioVersion = 16.0.29215.179
MinimumVisualStudioVersion = 10.0.40219.1
Project("{FAE04EC0-301F-11D3-BF4B-00C04F79EFBC}") = "DifficultySettings", "DifficultySettings\DifficultySettings.csproj", "{70E5DBB3-ABB0-426C-861D-6D0193505A4E}"
EndProject
Global
	GlobalSection(SolutionConfigurationPlatforms) = preSolution
		Debug|Any CPU = Debug|Any CPU
		Release|Any CPU = Release|Any CPU
	EndGlobalSection
	GlobalSection(ProjectConfigurationPlatforms) = postSolution
		{70E5DBB3-ABB0-426C-861D-6D0193505A4E}.Debug|Any CPU.ActiveCfg = Debug|Any CPU
		{70E5DBB3-ABB0-426C-861D-6D0193505A4E}.Debug|Any CPU.Build.0 = Debug|Any CPU
		{70E5DBB3-ABB0-426C-861D-6D0193505A4E}.Release|Any CPU.ActiveCfg = Release|Any CPU
		{70E5DBB3-ABB0-426C-861D-6D0193505A4E}.Release|Any CPU.Build.0 = Release|Any CPU
	EndGlobalSection
	GlobalSection(SolutionProperties) = preSolution
		HideSolutionNode = FALSE
	EndGlobalSection
	GlobalSection(ExtensibilityGlobals) = postSolution
		SolutionGuid = {185A39BD-073B-4791-9FDE-AFA6B3D68DD3}
	EndGlobalSection
EndGlobal
